// !$*UTF8*$!
{
	archiveVersion = 1;
	classes = {
	};
	objectVersion = 46;
	objects = {

/* Begin PBXBuildFile section */
		2B416DD81A4258EF00F23E60 /* people.json in Resources */ = {isa = PBXBuildFile; fileRef = 2B416DD71A4258EE00F23E60 /* people.json */; };
		2B416DDA1A4272D800F23E60 /* PeopleParser.swift in Sources */ = {isa = PBXBuildFile; fileRef = 2B416DD91A4272D800F23E60 /* PeopleParser.swift */; };
		2B416DDC1A42730300F23E60 /* Person.swift in Sources */ = {isa = PBXBuildFile; fileRef = 2B416DDB1A42730300F23E60 /* Person.swift */; };
		2B89618D1A42543B002309C8 /* array.json in Resources */ = {isa = PBXBuildFile; fileRef = 2B89618B1A42541D002309C8 /* array.json */; };
		2BD30DB71A423FC800BEC3BE /* AppDelegate.swift in Sources */ = {isa = PBXBuildFile; fileRef = 2BD30DB61A423FC800BEC3BE /* AppDelegate.swift */; };
		2BD30DB91A423FC800BEC3BE /* ViewController.swift in Sources */ = {isa = PBXBuildFile; fileRef = 2BD30DB81A423FC800BEC3BE /* ViewController.swift */; };
		2BD30DBC1A423FC800BEC3BE /* Main.storyboard in Resources */ = {isa = PBXBuildFile; fileRef = 2BD30DBA1A423FC800BEC3BE /* Main.storyboard */; };
		2BD30DBE1A423FC800BEC3BE /* Images.xcassets in Resources */ = {isa = PBXBuildFile; fileRef = 2BD30DBD1A423FC800BEC3BE /* Images.xcassets */; };
		2BD30DC11A423FC800BEC3BE /* LaunchScreen.xib in Resources */ = {isa = PBXBuildFile; fileRef = 2BD30DBF1A423FC800BEC3BE /* LaunchScreen.xib */; };
		2BD30DCD1A423FC800BEC3BE /* cute_possum_parserTests.swift in Sources */ = {isa = PBXBuildFile; fileRef = 2BD30DCC1A423FC800BEC3BE /* cute_possum_parserTests.swift */; };
		2BD30DD81A42400400BEC3BE /* CutePossumParser.swift in Sources */ = {isa = PBXBuildFile; fileRef = 2BD30DD71A42400400BEC3BE /* CutePossumParser.swift */; };
		2BD30DDB1A42405800BEC3BE /* cutie_possum.json in Resources */ = {isa = PBXBuildFile; fileRef = 2BD30DDA1A42405800BEC3BE /* cutie_possum.json */; };
		2BD30DDD1A42409D00BEC3BE /* Default-568h@2x.png in Resources */ = {isa = PBXBuildFile; fileRef = 2BD30DDC1A42409D00BEC3BE /* Default-568h@2x.png */; };
		2BD30DDF1A4240CD00BEC3BE /* TestJsonLoader.swift in Sources */ = {isa = PBXBuildFile; fileRef = 2BD30DDE1A4240CD00BEC3BE /* TestJsonLoader.swift */; };
/* End PBXBuildFile section */

/* Begin PBXContainerItemProxy section */
		2BD30DC71A423FC800BEC3BE /* PBXContainerItemProxy */ = {
			isa = PBXContainerItemProxy;
			containerPortal = 2BD30DA91A423FC800BEC3BE /* Project object */;
			proxyType = 1;
			remoteGlobalIDString = 2BD30DB01A423FC800BEC3BE;
			remoteInfo = "cute-possum-parser";
		};
/* End PBXContainerItemProxy section */

/* Begin PBXFileReference section */
		2B416DD71A4258EE00F23E60 /* people.json */ = {isa = PBXFileReference; fileEncoding = 4; lastKnownFileType = text.json; path = people.json; sourceTree = "<group>"; };
		2B416DD91A4272D800F23E60 /* PeopleParser.swift */ = {isa = PBXFileReference; fileEncoding = 4; lastKnownFileType = sourcecode.swift; path = PeopleParser.swift; sourceTree = "<group>"; };
		2B416DDB1A42730300F23E60 /* Person.swift */ = {isa = PBXFileReference; fileEncoding = 4; lastKnownFileType = sourcecode.swift; path = Person.swift; sourceTree = "<group>"; };
		2B89618B1A42541D002309C8 /* array.json */ = {isa = PBXFileReference; fileEncoding = 4; lastKnownFileType = text.json; path = array.json; sourceTree = "<group>"; };
		2BD30DB11A423FC800BEC3BE /* cute-possum-parser.app */ = {isa = PBXFileReference; explicitFileType = wrapper.application; includeInIndex = 0; path = "cute-possum-parser.app"; sourceTree = BUILT_PRODUCTS_DIR; };
		2BD30DB51A423FC800BEC3BE /* Info.plist */ = {isa = PBXFileReference; lastKnownFileType = text.plist.xml; path = Info.plist; sourceTree = "<group>"; };
		2BD30DB61A423FC800BEC3BE /* AppDelegate.swift */ = {isa = PBXFileReference; lastKnownFileType = sourcecode.swift; path = AppDelegate.swift; sourceTree = "<group>"; };
		2BD30DB81A423FC800BEC3BE /* ViewController.swift */ = {isa = PBXFileReference; lastKnownFileType = sourcecode.swift; path = ViewController.swift; sourceTree = "<group>"; };
		2BD30DBB1A423FC800BEC3BE /* Base */ = {isa = PBXFileReference; lastKnownFileType = file.storyboard; name = Base; path = Base.lproj/Main.storyboard; sourceTree = "<group>"; };
		2BD30DBD1A423FC800BEC3BE /* Images.xcassets */ = {isa = PBXFileReference; lastKnownFileType = folder.assetcatalog; path = Images.xcassets; sourceTree = "<group>"; };
		2BD30DC01A423FC800BEC3BE /* Base */ = {isa = PBXFileReference; lastKnownFileType = file.xib; name = Base; path = Base.lproj/LaunchScreen.xib; sourceTree = "<group>"; };
		2BD30DC61A423FC800BEC3BE /* cute-possum-parserTests.xctest */ = {isa = PBXFileReference; explicitFileType = wrapper.cfbundle; includeInIndex = 0; path = "cute-possum-parserTests.xctest"; sourceTree = BUILT_PRODUCTS_DIR; };
		2BD30DCB1A423FC800BEC3BE /* Info.plist */ = {isa = PBXFileReference; lastKnownFileType = text.plist.xml; path = Info.plist; sourceTree = "<group>"; };
		2BD30DCC1A423FC800BEC3BE /* cute_possum_parserTests.swift */ = {isa = PBXFileReference; lastKnownFileType = sourcecode.swift; path = cute_possum_parserTests.swift; sourceTree = "<group>"; };
		2BD30DD71A42400400BEC3BE /* CutePossumParser.swift */ = {isa = PBXFileReference; fileEncoding = 4; lastKnownFileType = sourcecode.swift; path = CutePossumParser.swift; sourceTree = "<group>"; };
		2BD30DDA1A42405800BEC3BE /* cutie_possum.json */ = {isa = PBXFileReference; fileEncoding = 4; lastKnownFileType = text.json; path = cutie_possum.json; sourceTree = "<group>"; };
		2BD30DDC1A42409D00BEC3BE /* Default-568h@2x.png */ = {isa = PBXFileReference; lastKnownFileType = image.png; path = "Default-568h@2x.png"; sourceTree = "<group>"; };
		2BD30DDE1A4240CD00BEC3BE /* TestJsonLoader.swift */ = {isa = PBXFileReference; fileEncoding = 4; lastKnownFileType = sourcecode.swift; path = TestJsonLoader.swift; sourceTree = "<group>"; };
/* End PBXFileReference section */

/* Begin PBXFrameworksBuildPhase section */
		2BD30DAE1A423FC800BEC3BE /* Frameworks */ = {
			isa = PBXFrameworksBuildPhase;
			buildActionMask = 2147483647;
			files = (
			);
			runOnlyForDeploymentPostprocessing = 0;
		};
		2BD30DC31A423FC800BEC3BE /* Frameworks */ = {
			isa = PBXFrameworksBuildPhase;
			buildActionMask = 2147483647;
			files = (
			);
			runOnlyForDeploymentPostprocessing = 0;
		};
/* End PBXFrameworksBuildPhase section */

/* Begin PBXGroup section */
		2BD30DA81A423FC800BEC3BE = {
			isa = PBXGroup;
			children = (
				2BD30DB31A423FC800BEC3BE /* cute-possum-parser */,
				2BD30DC91A423FC800BEC3BE /* cute-possum-parserTests */,
				2BD30DB21A423FC800BEC3BE /* Products */,
			);
			sourceTree = "<group>";
		};
		2BD30DB21A423FC800BEC3BE /* Products */ = {
			isa = PBXGroup;
			children = (
				2BD30DB11A423FC800BEC3BE /* cute-possum-parser.app */,
				2BD30DC61A423FC800BEC3BE /* cute-possum-parserTests.xctest */,
			);
			name = Products;
			sourceTree = "<group>";
		};
		2BD30DB31A423FC800BEC3BE /* cute-possum-parser */ = {
			isa = PBXGroup;
			children = (
				2BD30DD91A42402A00BEC3BE /* TestData */,
				2BD30DD61A423FFB00BEC3BE /* Lib */,
				2BD30DB61A423FC800BEC3BE /* AppDelegate.swift */,
				2B416DDB1A42730300F23E60 /* Person.swift */,
				2B416DD91A4272D800F23E60 /* PeopleParser.swift */,
				2BD30DB81A423FC800BEC3BE /* ViewController.swift */,
				2BD30DBA1A423FC800BEC3BE /* Main.storyboard */,
				2BD30DBD1A423FC800BEC3BE /* Images.xcassets */,
				2BD30DBF1A423FC800BEC3BE /* LaunchScreen.xib */,
				2BD30DB41A423FC800BEC3BE /* Supporting Files */,
			);
			path = "cute-possum-parser";
			sourceTree = "<group>";
		};
		2BD30DB41A423FC800BEC3BE /* Supporting Files */ = {
			isa = PBXGroup;
			children = (
				2BD30DDC1A42409D00BEC3BE /* Default-568h@2x.png */,
				2BD30DB51A423FC800BEC3BE /* Info.plist */,
			);
			name = "Supporting Files";
			sourceTree = "<group>";
		};
		2BD30DC91A423FC800BEC3BE /* cute-possum-parserTests */ = {
			isa = PBXGroup;
			children = (
				2BD30DCC1A423FC800BEC3BE /* cute_possum_parserTests.swift */,
				2BD30DCA1A423FC800BEC3BE /* Supporting Files */,
			);
			path = "cute-possum-parserTests";
			sourceTree = "<group>";
		};
		2BD30DCA1A423FC800BEC3BE /* Supporting Files */ = {
			isa = PBXGroup;
			children = (
				2BD30DCB1A423FC800BEC3BE /* Info.plist */,
			);
			name = "Supporting Files";
			sourceTree = "<group>";
		};
		2BD30DD61A423FFB00BEC3BE /* Lib */ = {
			isa = PBXGroup;
			children = (
				2BD30DD71A42400400BEC3BE /* CutePossumParser.swift */,
			);
			name = Lib;
			sourceTree = "<group>";
		};
		2BD30DD91A42402A00BEC3BE /* TestData */ = {
			isa = PBXGroup;
			children = (
				2BD30DDE1A4240CD00BEC3BE /* TestJsonLoader.swift */,
				2BD30DDA1A42405800BEC3BE /* cutie_possum.json */,
				2B89618B1A42541D002309C8 /* array.json */,
				2B416DD71A4258EE00F23E60 /* people.json */,
			);
			name = TestData;
			sourceTree = "<group>";
		};
/* End PBXGroup section */

/* Begin PBXNativeTarget section */
		2BD30DB01A423FC800BEC3BE /* cute-possum-parser */ = {
			isa = PBXNativeTarget;
			buildConfigurationList = 2BD30DD01A423FC800BEC3BE /* Build configuration list for PBXNativeTarget "cute-possum-parser" */;
			buildPhases = (
				2BD30DAD1A423FC800BEC3BE /* Sources */,
				2BD30DAE1A423FC800BEC3BE /* Frameworks */,
				2BD30DAF1A423FC800BEC3BE /* Resources */,
			);
			buildRules = (
			);
			dependencies = (
			);
			name = "cute-possum-parser";
			productName = "cute-possum-parser";
			productReference = 2BD30DB11A423FC800BEC3BE /* cute-possum-parser.app */;
			productType = "com.apple.product-type.application";
		};
		2BD30DC51A423FC800BEC3BE /* cute-possum-parserTests */ = {
			isa = PBXNativeTarget;
			buildConfigurationList = 2BD30DD31A423FC800BEC3BE /* Build configuration list for PBXNativeTarget "cute-possum-parserTests" */;
			buildPhases = (
				2BD30DC21A423FC800BEC3BE /* Sources */,
				2BD30DC31A423FC800BEC3BE /* Frameworks */,
				2BD30DC41A423FC800BEC3BE /* Resources */,
			);
			buildRules = (
			);
			dependencies = (
				2BD30DC81A423FC800BEC3BE /* PBXTargetDependency */,
			);
			name = "cute-possum-parserTests";
			productName = "cute-possum-parserTests";
			productReference = 2BD30DC61A423FC800BEC3BE /* cute-possum-parserTests.xctest */;
			productType = "com.apple.product-type.bundle.unit-test";
		};
/* End PBXNativeTarget section */

/* Begin PBXProject section */
		2BD30DA91A423FC800BEC3BE /* Project object */ = {
			isa = PBXProject;
			attributes = {
				LastUpgradeCheck = 0610;
				ORGANIZATIONNAME = "The Exchange Group Pty Ltd";
				TargetAttributes = {
					2BD30DB01A423FC800BEC3BE = {
						CreatedOnToolsVersion = 6.1;
					};
					2BD30DC51A423FC800BEC3BE = {
						CreatedOnToolsVersion = 6.1;
						TestTargetID = 2BD30DB01A423FC800BEC3BE;
					};
				};
			};
			buildConfigurationList = 2BD30DAC1A423FC800BEC3BE /* Build configuration list for PBXProject "cute-possum-parser" */;
			compatibilityVersion = "Xcode 3.2";
			developmentRegion = English;
			hasScannedForEncodings = 0;
			knownRegions = (
				en,
				Base,
			);
			mainGroup = 2BD30DA81A423FC800BEC3BE;
			productRefGroup = 2BD30DB21A423FC800BEC3BE /* Products */;
			projectDirPath = "";
			projectRoot = "";
			targets = (
				2BD30DB01A423FC800BEC3BE /* cute-possum-parser */,
				2BD30DC51A423FC800BEC3BE /* cute-possum-parserTests */,
			);
		};
/* End PBXProject section */

/* Begin PBXResourcesBuildPhase section */
		2BD30DAF1A423FC800BEC3BE /* Resources */ = {
			isa = PBXResourcesBuildPhase;
			buildActionMask = 2147483647;
			files = (
				2B89618D1A42543B002309C8 /* array.json in Resources */,
				2BD30DBC1A423FC800BEC3BE /* Main.storyboard in Resources */,
				2BD30DDB1A42405800BEC3BE /* cutie_possum.json in Resources */,
				2BD30DC11A423FC800BEC3BE /* LaunchScreen.xib in Resources */,
				2BD30DDD1A42409D00BEC3BE /* Default-568h@2x.png in Resources */,
				2BD30DBE1A423FC800BEC3BE /* Images.xcassets in Resources */,
				2B416DD81A4258EF00F23E60 /* people.json in Resources */,
			);
			runOnlyForDeploymentPostprocessing = 0;
		};
		2BD30DC41A423FC800BEC3BE /* Resources */ = {
			isa = PBXResourcesBuildPhase;
			buildActionMask = 2147483647;
			files = (
			);
			runOnlyForDeploymentPostprocessing = 0;
		};
/* End PBXResourcesBuildPhase section */

/* Begin PBXSourcesBuildPhase section */
		2BD30DAD1A423FC800BEC3BE /* Sources */ = {
			isa = PBXSourcesBuildPhase;
			buildActionMask = 2147483647;
			files = (
				2B416DDC1A42730300F23E60 /* Person.swift in Sources */,
				2BD30DDF1A4240CD00BEC3BE /* TestJsonLoader.swift in Sources */,
				2BD30DB91A423FC800BEC3BE /* ViewController.swift in Sources */,
				2BD30DB71A423FC800BEC3BE /* AppDelegate.swift in Sources */,
				2BD30DD81A42400400BEC3BE /* CutePossumParser.swift in Sources */,
				2B416DDA1A4272D800F23E60 /* PeopleParser.swift in Sources */,
			);
			runOnlyForDeploymentPostprocessing = 0;
		};
		2BD30DC21A423FC800BEC3BE /* Sources */ = {
			isa = PBXSourcesBuildPhase;
			buildActionMask = 2147483647;
			files = (
				2BD30DCD1A423FC800BEC3BE /* cute_possum_parserTests.swift in Sources */,
			);
			runOnlyForDeploymentPostprocessing = 0;
		};
/* End PBXSourcesBuildPhase section */

/* Begin PBXTargetDependency section */
		2BD30DC81A423FC800BEC3BE /* PBXTargetDependency */ = {
			isa = PBXTargetDependency;
			target = 2BD30DB01A423FC800BEC3BE /* cute-possum-parser */;
			targetProxy = 2BD30DC71A423FC800BEC3BE /* PBXContainerItemProxy */;
		};
/* End PBXTargetDependency section */

/* Begin PBXVariantGroup section */
		2BD30DBA1A423FC800BEC3BE /* Main.storyboard */ = {
			isa = PBXVariantGroup;
			children = (
				2BD30DBB1A423FC800BEC3BE /* Base */,
			);
			name = Main.storyboard;
			sourceTree = "<group>";
		};
		2BD30DBF1A423FC800BEC3BE /* LaunchScreen.xib */ = {
			isa = PBXVariantGroup;
			children = (
				2BD30DC01A423FC800BEC3BE /* Base */,
			);
			name = LaunchScreen.xib;
			sourceTree = "<group>";
		};
/* End PBXVariantGroup section */

/* Begin XCBuildConfiguration section */
		2BD30DCE1A423FC800BEC3BE /* Debug */ = {
			isa = XCBuildConfiguration;
			buildSettings = {
				ALWAYS_SEARCH_USER_PATHS = NO;
				CLANG_CXX_LANGUAGE_STANDARD = "gnu++0x";
				CLANG_CXX_LIBRARY = "libc++";
				CLANG_ENABLE_MODULES = YES;
				CLANG_ENABLE_OBJC_ARC = YES;
				CLANG_WARN_BOOL_CONVERSION = YES;
				CLANG_WARN_CONSTANT_CONVERSION = YES;
				CLANG_WARN_DIRECT_OBJC_ISA_USAGE = YES_ERROR;
				CLANG_WARN_EMPTY_BODY = YES;
				CLANG_WARN_ENUM_CONVERSION = YES;
				CLANG_WARN_INT_CONVERSION = YES;
				CLANG_WARN_OBJC_ROOT_CLASS = YES_ERROR;
				CLANG_WARN_UNREACHABLE_CODE = YES;
				CLANG_WARN__DUPLICATE_METHOD_MATCH = YES;
				"CODE_SIGN_IDENTITY[sdk=iphoneos*]" = "iPhone Developer";
				COPY_PHASE_STRIP = NO;
				ENABLE_STRICT_OBJC_MSGSEND = YES;
				GCC_C_LANGUAGE_STANDARD = gnu99;
				GCC_DYNAMIC_NO_PIC = NO;
				GCC_OPTIMIZATION_LEVEL = 0;
				GCC_PREPROCESSOR_DEFINITIONS = (
					"DEBUG=1",
					"$(inherited)",
				);
				GCC_SYMBOLS_PRIVATE_EXTERN = NO;
				GCC_WARN_64_TO_32_BIT_CONVERSION = YES;
				GCC_WARN_ABOUT_RETURN_TYPE = YES_ERROR;
				GCC_WARN_UNDECLARED_SELECTOR = YES;
				GCC_WARN_UNINITIALIZED_AUTOS = YES_AGGRESSIVE;
				GCC_WARN_UNUSED_FUNCTION = YES;
				GCC_WARN_UNUSED_VARIABLE = YES;
				IPHONEOS_DEPLOYMENT_TARGET = 7.0;
				MTL_ENABLE_DEBUG_INFO = YES;
				ONLY_ACTIVE_ARCH = YES;
				SDKROOT = iphoneos;
				SWIFT_OPTIMIZATION_LEVEL = "-Onone";
				TARGETED_DEVICE_FAMILY = "1,2";
			};
			name = Debug;
		};
		2BD30DCF1A423FC800BEC3BE /* Release */ = {
			isa = XCBuildConfiguration;
			buildSettings = {
				ALWAYS_SEARCH_USER_PATHS = NO;
				CLANG_CXX_LANGUAGE_STANDARD = "gnu++0x";
				CLANG_CXX_LIBRARY = "libc++";
				CLANG_ENABLE_MODULES = YES;
				CLANG_ENABLE_OBJC_ARC = YES;
				CLANG_WARN_BOOL_CONVERSION = YES;
				CLANG_WARN_CONSTANT_CONVERSION = YES;
				CLANG_WARN_DIRECT_OBJC_ISA_USAGE = YES_ERROR;
				CLANG_WARN_EMPTY_BODY = YES;
				CLANG_WARN_ENUM_CONVERSION = YES;
				CLANG_WARN_INT_CONVERSION = YES;
				CLANG_WARN_OBJC_ROOT_CLASS = YES_ERROR;
				CLANG_WARN_UNREACHABLE_CODE = YES;
				CLANG_WARN__DUPLICATE_METHOD_MATCH = YES;
				"CODE_SIGN_IDENTITY[sdk=iphoneos*]" = "iPhone Developer";
				COPY_PHASE_STRIP = YES;
				ENABLE_NS_ASSERTIONS = NO;
				ENABLE_STRICT_OBJC_MSGSEND = YES;
				GCC_C_LANGUAGE_STANDARD = gnu99;
				GCC_WARN_64_TO_32_BIT_CONVERSION = YES;
				GCC_WARN_ABOUT_RETURN_TYPE = YES_ERROR;
				GCC_WARN_UNDECLARED_SELECTOR = YES;
				GCC_WARN_UNINITIALIZED_AUTOS = YES_AGGRESSIVE;
				GCC_WARN_UNUSED_FUNCTION = YES;
				GCC_WARN_UNUSED_VARIABLE = YES;
				IPHONEOS_DEPLOYMENT_TARGET = 7.0;
				MTL_ENABLE_DEBUG_INFO = NO;
				SDKROOT = iphoneos;
				TARGETED_DEVICE_FAMILY = "1,2";
				VALIDATE_PRODUCT = YES;
			};
			name = Release;
		};
		2BD30DD11A423FC800BEC3BE /* Debug */ = {
			isa = XCBuildConfiguration;
			buildSettings = {
				ASSETCATALOG_COMPILER_APPICON_NAME = AppIcon;
				INFOPLIST_FILE = "cute-possum-parser/Info.plist";
				IPHONEOS_DEPLOYMENT_TARGET = 7.0;
				LD_RUNPATH_SEARCH_PATHS = "$(inherited) @executable_path/Frameworks";
				PRODUCT_NAME = "$(TARGET_NAME)";
			};
			name = Debug;
		};
		2BD30DD21A423FC800BEC3BE /* Release */ = {
			isa = XCBuildConfiguration;
			buildSettings = {
				ASSETCATALOG_COMPILER_APPICON_NAME = AppIcon;
				INFOPLIST_FILE = "cute-possum-parser/Info.plist";
				IPHONEOS_DEPLOYMENT_TARGET = 7.0;
				LD_RUNPATH_SEARCH_PATHS = "$(inherited) @executable_path/Frameworks";
				PRODUCT_NAME = "$(TARGET_NAME)";
			};
			name = Release;
		};
		2BD30DD41A423FC800BEC3BE /* Debug */ = {
			isa = XCBuildConfiguration;
			buildSettings = {
				BUNDLE_LOADER = "$(TEST_HOST)";
				FRAMEWORK_SEARCH_PATHS = (
					"$(SDKROOT)/Developer/Library/Frameworks",
					"$(inherited)",
				);
				GCC_PREPROCESSOR_DEFINITIONS = (
					"DEBUG=1",
					"$(inherited)",
				);
				INFOPLIST_FILE = "cute-possum-parserTests/Info.plist";
				LD_RUNPATH_SEARCH_PATHS = "$(inherited) @executable_path/Frameworks @loader_path/Frameworks";
				PRODUCT_NAME = "$(TARGET_NAME)";
				TEST_HOST = "$(BUILT_PRODUCTS_DIR)/cute-possum-parser.app/cute-possum-parser";
			};
			name = Debug;
		};
		2BD30DD51A423FC800BEC3BE /* Release */ = {
			isa = XCBuildConfiguration;
			buildSettings = {
				BUNDLE_LOADER = "$(TEST_HOST)";
				FRAMEWORK_SEARCH_PATHS = (
					"$(SDKROOT)/Developer/Library/Frameworks",
					"$(inherited)",
				);
				INFOPLIST_FILE = "cute-possum-parserTests/Info.plist";
				LD_RUNPATH_SEARCH_PATHS = "$(inherited) @executable_path/Frameworks @loader_path/Frameworks";
				PRODUCT_NAME = "$(TARGET_NAME)";
				TEST_HOST = "$(BUILT_PRODUCTS_DIR)/cute-possum-parser.app/cute-possum-parser";
			};
			name = Release;
		};
/* End XCBuildConfiguration section */

/* Begin XCConfigurationList section */
		2BD30DAC1A423FC800BEC3BE /* Build configuration list for PBXProject "cute-possum-parser" */ = {
			isa = XCConfigurationList;
			buildConfigurations = (
				2BD30DCE1A423FC800BEC3BE /* Debug */,
				2BD30DCF1A423FC800BEC3BE /* Release */,
			);
			defaultConfigurationIsVisible = 0;
			defaultConfigurationName = Release;
		};
		2BD30DD01A423FC800BEC3BE /* Build configuration list for PBXNativeTarget "cute-possum-parser" */ = {
			isa = XCConfigurationList;
			buildConfigurations = (
				2BD30DD11A423FC800BEC3BE /* Debug */,
				2BD30DD21A423FC800BEC3BE /* Release */,
			);
			defaultConfigurationIsVisible = 0;
			defaultConfigurationName = Release;
		};
		2BD30DD31A423FC800BEC3BE /* Build configuration list for PBXNativeTarget "cute-possum-parserTests" */ = {
			isa = XCConfigurationList;
			buildConfigurations = (
				2BD30DD41A423FC800BEC3BE /* Debug */,
				2BD30DD51A423FC800BEC3BE /* Release */,
			);
			defaultConfigurationIsVisible = 0;
			defaultConfigurationName = Release;
		};
/* End XCConfigurationList section */
	};
	rootObject = 2BD30DA91A423FC800BEC3BE /* Project object */;
}
